// !$*UTF8*$!
{
	archiveVersion = 1;
	classes = {
	};
	objectVersion = 50;
	objects = {

/* Begin PBXBuildFile section */
		FC3C6E4122CF786000D35702 /* AppDelegate.swift in Sources */ = {isa = PBXBuildFile; fileRef = FC3C6E4022CF786000D35702 /* AppDelegate.swift */; };
		FC3C6E4322CF786000D35702 /* SceneDelegate.swift in Sources */ = {isa = PBXBuildFile; fileRef = FC3C6E4222CF786000D35702 /* SceneDelegate.swift */; };
		FC3C6E4522CF786000D35702 /* ContentView.swift in Sources */ = {isa = PBXBuildFile; fileRef = FC3C6E4422CF786000D35702 /* ContentView.swift */; };
		FC3C6E4722CF786200D35702 /* Assets.xcassets in Resources */ = {isa = PBXBuildFile; fileRef = FC3C6E4622CF786200D35702 /* Assets.xcassets */; };
		FC3C6E4A22CF786200D35702 /* Preview Assets.xcassets in Resources */ = {isa = PBXBuildFile; fileRef = FC3C6E4922CF786200D35702 /* Preview Assets.xcassets */; };
		FC3C6E4D22CF786200D35702 /* LaunchScreen.storyboard in Resources */ = {isa = PBXBuildFile; fileRef = FC3C6E4B22CF786200D35702 /* LaunchScreen.storyboard */; };
		FC6AA24A22CF81F5008E3CB7 /* TravelCheckModel.swift in Sources */ = {isa = PBXBuildFile; fileRef = FC6AA24922CF81F5008E3CB7 /* TravelCheckModel.swift */; };
		FC6AA24C22CF82BB008E3CB7 /* TravelListView.swift in Sources */ = {isa = PBXBuildFile; fileRef = FC6AA24B22CF82BB008E3CB7 /* TravelListView.swift */; };
		FC6AA24E22CF839A008E3CB7 /* TravelDetailView.swift in Sources */ = {isa = PBXBuildFile; fileRef = FC6AA24D22CF839A008E3CB7 /* TravelDetailView.swift */; };
		FC6AA25022CF8741008E3CB7 /* SeenButton.swift in Sources */ = {isa = PBXBuildFile; fileRef = FC6AA24F22CF8741008E3CB7 /* SeenButton.swift */; };
/* End PBXBuildFile section */

/* Begin PBXFileReference section */
		FC3C6E3D22CF786000D35702 /* TravelCheckList.app */ = {isa = PBXFileReference; explicitFileType = wrapper.application; includeInIndex = 0; path = TravelCheckList.app; sourceTree = BUILT_PRODUCTS_DIR; };
		FC3C6E4022CF786000D35702 /* AppDelegate.swift */ = {isa = PBXFileReference; lastKnownFileType = sourcecode.swift; path = AppDelegate.swift; sourceTree = "<group>"; };
		FC3C6E4222CF786000D35702 /* SceneDelegate.swift */ = {isa = PBXFileReference; lastKnownFileType = sourcecode.swift; path = SceneDelegate.swift; sourceTree = "<group>"; };
		FC3C6E4422CF786000D35702 /* ContentView.swift */ = {isa = PBXFileReference; lastKnownFileType = sourcecode.swift; path = ContentView.swift; sourceTree = "<group>"; };
		FC3C6E4622CF786200D35702 /* Assets.xcassets */ = {isa = PBXFileReference; lastKnownFileType = folder.assetcatalog; path = Assets.xcassets; sourceTree = "<group>"; };
		FC3C6E4922CF786200D35702 /* Preview Assets.xcassets */ = {isa = PBXFileReference; lastKnownFileType = folder.assetcatalog; path = "Preview Assets.xcassets"; sourceTree = "<group>"; };
		FC3C6E4C22CF786200D35702 /* Base */ = {isa = PBXFileReference; lastKnownFileType = file.storyboard; name = Base; path = Base.lproj/LaunchScreen.storyboard; sourceTree = "<group>"; };
		FC3C6E4E22CF786200D35702 /* Info.plist */ = {isa = PBXFileReference; lastKnownFileType = text.plist.xml; path = Info.plist; sourceTree = "<group>"; };
		FC6AA24922CF81F5008E3CB7 /* TravelCheckModel.swift */ = {isa = PBXFileReference; lastKnownFileType = sourcecode.swift; path = TravelCheckModel.swift; sourceTree = "<group>"; };
		FC6AA24B22CF82BB008E3CB7 /* TravelListView.swift */ = {isa = PBXFileReference; lastKnownFileType = sourcecode.swift; path = TravelListView.swift; sourceTree = "<group>"; };
		FC6AA24D22CF839A008E3CB7 /* TravelDetailView.swift */ = {isa = PBXFileReference; lastKnownFileType = sourcecode.swift; path = TravelDetailView.swift; sourceTree = "<group>"; };
		FC6AA24F22CF8741008E3CB7 /* SeenButton.swift */ = {isa = PBXFileReference; lastKnownFileType = sourcecode.swift; path = SeenButton.swift; sourceTree = "<group>"; };
/* End PBXFileReference section */

/* Begin PBXFrameworksBuildPhase section */
		FC3C6E3A22CF786000D35702 /* Frameworks */ = {
			isa = PBXFrameworksBuildPhase;
			buildActionMask = 2147483647;
			files = (
			);
			runOnlyForDeploymentPostprocessing = 0;
		};
/* End PBXFrameworksBuildPhase section */

/* Begin PBXGroup section */
		FC3C6E3422CF786000D35702 = {
			isa = PBXGroup;
			children = (
				FC3C6E3F22CF786000D35702 /* TravelCheckList */,
				FC3C6E3E22CF786000D35702 /* Products */,
			);
			sourceTree = "<group>";
		};
		FC3C6E3E22CF786000D35702 /* Products */ = {
			isa = PBXGroup;
			children = (
				FC3C6E3D22CF786000D35702 /* TravelCheckList.app */,
			);
			name = Products;
			sourceTree = "<group>";
		};
		FC3C6E3F22CF786000D35702 /* TravelCheckList */ = {
			isa = PBXGroup;
			children = (
				FC3C6E4022CF786000D35702 /* AppDelegate.swift */,
				FC3C6E4222CF786000D35702 /* SceneDelegate.swift */,
				FC3C6E4422CF786000D35702 /* ContentView.swift */,
				FC6AA24922CF81F5008E3CB7 /* TravelCheckModel.swift */,
				FC6AA24B22CF82BB008E3CB7 /* TravelListView.swift */,
				FC6AA24D22CF839A008E3CB7 /* TravelDetailView.swift */,
				FC6AA24F22CF8741008E3CB7 /* SeenButton.swift */,
				FC3C6E4622CF786200D35702 /* Assets.xcassets */,
				FC3C6E4B22CF786200D35702 /* LaunchScreen.storyboard */,
				FC3C6E4E22CF786200D35702 /* Info.plist */,
				FC3C6E4822CF786200D35702 /* Preview Content */,
			);
			path = TravelCheckList;
			sourceTree = "<group>";
		};
		FC3C6E4822CF786200D35702 /* Preview Content */ = {
			isa = PBXGroup;
			children = (
				FC3C6E4922CF786200D35702 /* Preview Assets.xcassets */,
			);
			path = "Preview Content";
			sourceTree = "<group>";
		};
/* End PBXGroup section */

/* Begin PBXNativeTarget section */
		FC3C6E3C22CF786000D35702 /* TravelCheckList */ = {
			isa = PBXNativeTarget;
			buildConfigurationList = FC3C6E5122CF786200D35702 /* Build configuration list for PBXNativeTarget "TravelCheckList" */;
			buildPhases = (
				FC3C6E3922CF786000D35702 /* Sources */,
				FC3C6E3A22CF786000D35702 /* Frameworks */,
				FC3C6E3B22CF786000D35702 /* Resources */,
			);
			buildRules = (
			);
			dependencies = (
			);
			name = TravelCheckList;
			productName = TravelCheckList;
			productReference = FC3C6E3D22CF786000D35702 /* TravelCheckList.app */;
			productType = "com.apple.product-type.application";
		};
/* End PBXNativeTarget section */

/* Begin PBXProject section */
		FC3C6E3522CF786000D35702 /* Project object */ = {
			isa = PBXProject;
			attributes = {
				LastSwiftUpdateCheck = 1100;
				LastUpgradeCheck = 1100;
				ORGANIZATIONNAME = "Atil Samancioglu";
				TargetAttributes = {
					FC3C6E3C22CF786000D35702 = {
						CreatedOnToolsVersion = 11.0;
					};
				};
			};
			buildConfigurationList = FC3C6E3822CF786000D35702 /* Build configuration list for PBXProject "TravelCheckList" */;
			compatibilityVersion = "Xcode 9.3";
			developmentRegion = en;
			hasScannedForEncodings = 0;
			knownRegions = (
				en,
				Base,
			);
			mainGroup = FC3C6E3422CF786000D35702;
			productRefGroup = FC3C6E3E22CF786000D35702 /* Products */;
			projectDirPath = "";
			projectRoot = "";
			targets = (
				FC3C6E3C22CF786000D35702 /* TravelCheckList */,
			);
		};
/* End PBXProject section */

/* Begin PBXResourcesBuildPhase section */
		FC3C6E3B22CF786000D35702 /* Resources */ = {
			isa = PBXResourcesBuildPhase;
			buildActionMask = 2147483647;
			files = (
				FC3C6E4D22CF786200D35702 /* LaunchScreen.storyboard in Resources */,
				FC3C6E4A22CF786200D35702 /* Preview Assets.xcassets in Resources */,
				FC3C6E4722CF786200D35702 /* Assets.xcassets in Resources */,
			);
			runOnlyForDeploymentPostprocessing = 0;
		};
/* End PBXResourcesBuildPhase section */

/* Begin PBXSourcesBuildPhase section */
		FC3C6E3922CF786000D35702 /* Sources */ = {
			isa = PBXSourcesBuildPhase;
			buildActionMask = 2147483647;
			files = (
				FC3C6E4122CF786000D35702 /* AppDelegate.swift in Sources */,
				FC3C6E4322CF786000D35702 /* SceneDelegate.swift in Sources */,
				FC6AA24A22CF81F5008E3CB7 /* TravelCheckModel.swift in Sources */,
				FC6AA25022CF8741008E3CB7 /* SeenButton.swift in Sources */,
				FC6AA24E22CF839A008E3CB7 /* TravelDetailView.swift in Sources */,
				FC6AA24C22CF82BB008E3CB7 /* TravelListView.swift in Sources */,
				FC3C6E4522CF786000D35702 /* ContentView.swift in Sources */,
			);
			runOnlyForDeploymentPostprocessing = 0;
		};
/* End PBXSourcesBuildPhase section */

/* Begin PBXVariantGroup section */
		FC3C6E4B22CF786200D35702 /* LaunchScreen.storyboard */ = {
			isa = PBXVariantGroup;
			children = (
				FC3C6E4C22CF786200D35702 /* Base */,
			);
			name = LaunchScreen.storyboard;
			sourceTree = "<group>";
		};
/* End PBXVariantGroup section */

/* Begin XCBuildConfiguration section */
		FC3C6E4F22CF786200D35702 /* Debug */ = {
			isa = XCBuildConfiguration;
			buildSettings = {
				ALWAYS_SEARCH_USER_PATHS = NO;
				CLANG_ANALYZER_NONNULL = YES;
				CLANG_ANALYZER_NUMBER_OBJECT_CONVERSION = YES_AGGRESSIVE;
				CLANG_CXX_LANGUAGE_STANDARD = "gnu++14";
				CLANG_CXX_LIBRARY = "libc++";
				CLANG_ENABLE_MODULES = YES;
				CLANG_ENABLE_OBJC_ARC = YES;
				CLANG_ENABLE_OBJC_WEAK = YES;
				CLANG_WARN_BLOCK_CAPTURE_AUTORELEASING = YES;
				CLANG_WARN_BOOL_CONVERSION = YES;
				CLANG_WARN_COMMA = YES;
				CLANG_WARN_CONSTANT_CONVERSION = YES;
				CLANG_WARN_DEPRECATED_OBJC_IMPLEMENTATIONS = YES;
				CLANG_WARN_DIRECT_OBJC_ISA_USAGE = YES_ERROR;
				CLANG_WARN_DOCUMENTATION_COMMENTS = YES;
				CLANG_WARN_EMPTY_BODY = YES;
				CLANG_WARN_ENUM_CONVERSION = YES;
				CLANG_WARN_INFINITE_RECURSION = YES;
				CLANG_WARN_INT_CONVERSION = YES;
				CLANG_WARN_NON_LITERAL_NULL_CONVERSION = YES;
				CLANG_WARN_OBJC_IMPLICIT_RETAIN_SELF = YES;
				CLANG_WARN_OBJC_LITERAL_CONVERSION = YES;
				CLANG_WARN_OBJC_ROOT_CLASS = YES_ERROR;
				CLANG_WARN_RANGE_LOOP_ANALYSIS = YES;
				CLANG_WARN_STRICT_PROTOTYPES = YES;
				CLANG_WARN_SUSPICIOUS_MOVE = YES;
				CLANG_WARN_UNGUARDED_AVAILABILITY = YES_AGGRESSIVE;
				CLANG_WARN_UNREACHABLE_CODE = YES;
				CLANG_WARN__DUPLICATE_METHOD_MATCH = YES;
				COPY_PHASE_STRIP = NO;
				DEBUG_INFORMATION_FORMAT = dwarf;
				ENABLE_STRICT_OBJC_MSGSEND = YES;
				ENABLE_TESTABILITY = YES;
				GCC_C_LANGUAGE_STANDARD = gnu11;
				GCC_DYNAMIC_NO_PIC = NO;
				GCC_NO_COMMON_BLOCKS = YES;
				GCC_OPTIMIZATION_LEVEL = 0;
				GCC_PREPROCESSOR_DEFINITIONS = (
					"DEBUG=1",
					"$(inherited)",
				);
				GCC_WARN_64_TO_32_BIT_CONVERSION = YES;
				GCC_WARN_ABOUT_RETURN_TYPE = YES_ERROR;
				GCC_WARN_UNDECLARED_SELECTOR = YES;
				GCC_WARN_UNINITIALIZED_AUTOS = YES_AGGRESSIVE;
				GCC_WARN_UNUSED_FUNCTION = YES;
				GCC_WARN_UNUSED_VARIABLE = YES;
				IPHONEOS_DEPLOYMENT_TARGET = 13.0;
				MTL_ENABLE_DEBUG_INFO = INCLUDE_SOURCE;
				MTL_FAST_MATH = YES;
				ONLY_ACTIVE_ARCH = YES;
				SDKROOT = iphoneos;
				SWIFT_ACTIVE_COMPILATION_CONDITIONS = DEBUG;
				SWIFT_OPTIMIZATION_LEVEL = "-Onone";
			};
			name = Debug;
		};
		FC3C6E5022CF786200D35702 /* Release */ = {
			isa = XCBuildConfiguration;
			buildSettings = {
				ALWAYS_SEARCH_USER_PATHS = NO;
				CLANG_ANALYZER_NONNULL = YES;
				CLANG_ANALYZER_NUMBER_OBJECT_CONVERSION = YES_AGGRESSIVE;
				CLANG_CXX_LANGUAGE_STANDARD = "gnu++14";
				CLANG_CXX_LIBRARY = "libc++";
				CLANG_ENABLE_MODULES = YES;
				CLANG_ENABLE_OBJC_ARC = YES;
				CLANG_ENABLE_OBJC_WEAK = YES;
				CLANG_WARN_BLOCK_CAPTURE_AUTORELEASING = YES;
				CLANG_WARN_BOOL_CONVERSION = YES;
				CLANG_WARN_COMMA = YES;
				CLANG_WARN_CONSTANT_CONVERSION = YES;
				CLANG_WARN_DEPRECATED_OBJC_IMPLEMENTATIONS = YES;
				CLANG_WARN_DIRECT_OBJC_ISA_USAGE = YES_ERROR;
				CLANG_WARN_DOCUMENTATION_COMMENTS = YES;
				CLANG_WARN_EMPTY_BODY = YES;
				CLANG_WARN_ENUM_CONVERSION = YES;
				CLANG_WARN_INFINITE_RECURSION = YES;
				CLANG_WARN_INT_CONVERSION = YES;
				CLANG_WARN_NON_LITERAL_NULL_CONVERSION = YES;
				CLANG_WARN_OBJC_IMPLICIT_RETAIN_SELF = YES;
				CLANG_WARN_OBJC_LITERAL_CONVERSION = YES;
				CLANG_WARN_OBJC_ROOT_CLASS = YES_ERROR;
				CLANG_WARN_RANGE_LOOP_ANALYSIS = YES;
				CLANG_WARN_STRICT_PROTOTYPES = YES;
				CLANG_WARN_SUSPICIOUS_MOVE = YES;
				CLANG_WARN_UNGUARDED_AVAILABILITY = YES_AGGRESSIVE;
				CLANG_WARN_UNREACHABLE_CODE = YES;
				CLANG_WARN__DUPLICATE_METHOD_MATCH = YES;
				COPY_PHASE_STRIP = NO;
				DEBUG_INFORMATION_FORMAT = "dwarf-with-dsym";
				ENABLE_NS_ASSERTIONS = NO;
				ENABLE_STRICT_OBJC_MSGSEND = YES;
				GCC_C_LANGUAGE_STANDARD = gnu11;
				GCC_NO_COMMON_BLOCKS = YES;
				GCC_WARN_64_TO_32_BIT_CONVERSION = YES;
				GCC_WARN_ABOUT_RETURN_TYPE = YES_ERROR;
				GCC_WARN_UNDECLARED_SELECTOR = YES;
				GCC_WARN_UNINITIALIZED_AUTOS = YES_AGGRESSIVE;
				GCC_WARN_UNUSED_FUNCTION = YES;
				GCC_WARN_UNUSED_VARIABLE = YES;
				IPHONEOS_DEPLOYMENT_TARGET = 13.0;
				MTL_ENABLE_DEBUG_INFO = NO;
				MTL_FAST_MATH = YES;
				SDKROOT = iphoneos;
				SWIFT_COMPILATION_MODE = wholemodule;
				SWIFT_OPTIMIZATION_LEVEL = "-O";
				VALIDATE_PRODUCT = YES;
			};
			name = Release;
		};
		FC3C6E5222CF786200D35702 /* Debug */ = {
			isa = XCBuildConfiguration;
			buildSettings = {
				ASSETCATALOG_COMPILER_APPICON_NAME = AppIcon;
				CODE_SIGN_STYLE = Automatic;
				DEVELOPMENT_ASSET_PATHS = "TravelCheckList/Preview\\ Content";
				DEVELOPMENT_TEAM = 7SH627DBA4;
				ENABLE_PREVIEWS = YES;
				INFOPLIST_FILE = TravelCheckList/Info.plist;
				LD_RUNPATH_SEARCH_PATHS = (
					"$(inherited)",
					"@executable_path/Frameworks",
				);
				PRODUCT_BUNDLE_IDENTIFIER = com.atilsamancioglu.TravelCheckList;
				PRODUCT_NAME = "$(TARGET_NAME)";
				SWIFT_VERSION = 5.0;
				TARGETED_DEVICE_FAMILY = "1,2";
			};
			name = Debug;
		};
		FC3C6E5322CF786200D35702 /* Release */ = {
			isa = XCBuildConfiguration;
			buildSettings = {
				ASSETCATALOG_COMPILER_APPICON_NAME = AppIcon;
				CODE_SIGN_STYLE = Automatic;
				DEVELOPMENT_ASSET_PATHS = "TravelCheckList/Preview\\ Content";
				DEVELOPMENT_TEAM = 7SH627DBA4;
				ENABLE_PREVIEWS = YES;
				INFOPLIST_FILE = TravelCheckList/Info.plist;
				LD_RUNPATH_SEARCH_PATHS = (
					"$(inherited)",
					"@executable_path/Frameworks",
				);
				PRODUCT_BUNDLE_IDENTIFIER = com.atilsamancioglu.TravelCheckList;
				PRODUCT_NAME = "$(TARGET_NAME)";
				SWIFT_VERSION = 5.0;
				TARGETED_DEVICE_FAMILY = "1,2";
			};
			name = Release;
		};
/* End XCBuildConfiguration section */

/* Begin XCConfigurationList section */
		FC3C6E3822CF786000D35702 /* Build configuration list for PBXProject "TravelCheckList" */ = {
			isa = XCConfigurationList;
			buildConfigurations = (
				FC3C6E4F22CF786200D35702 /* Debug */,
				FC3C6E5022CF786200D35702 /* Release */,
			);
			defaultConfigurationIsVisible = 0;
			defaultConfigurationName = Release;
		};
		FC3C6E5122CF786200D35702 /* Build configuration list for PBXNativeTarget "TravelCheckList" */ = {
			isa = XCConfigurationList;
			buildConfigurations = (
				FC3C6E5222CF786200D35702 /* Debug */,
				FC3C6E5322CF786200D35702 /* Release */,
			);
			defaultConfigurationIsVisible = 0;
			defaultConfigurationName = Release;
		};
/* End XCConfigurationList section */
	};
	rootObject = FC3C6E3522CF786000D35702 /* Project object */;
}
